
Microsoft Visual Studio Solution File, Format Version 12.00
# Visual Studio Version 16
VisualStudioVersion = 16.0.30611.23
MinimumVisualStudioVersion = 10.0.40219.1
Project("{9A19103F-16F7-4668-BE54-9A1E7A4F7556}") = "ClassMetotDemo", "ClassMetotDemo\ClassMetotDemo.csproj", "{8422E0D5-7FFD-4B80-8B5A-870F34DCE4BC}"
EndProject
Project("{9A19103F-16F7-4668-BE54-9A1E7A4F7556}") = "OOP2", "OOP2\OOP2.csproj", "{8BF15C5D-FD49-4FB8-90BB-F959FBA01F1F}"
EndProject
Project("{9A19103F-16F7-4668-BE54-9A1E7A4F7556}") = "OPP3", "OPP3\OPP3.csproj", "{B8A790B7-F4CE-44B9-9422-0C2D283DD0F3}"
EndProject
Global
	GlobalSection(SolutionConfigurationPlatforms) = preSolution
		Debug|Any CPU = Debug|Any CPU
		Release|Any CPU = Release|Any CPU
	EndGlobalSection
	GlobalSection(ProjectConfigurationPlatforms) = postSolution
		{8422E0D5-7FFD-4B80-8B5A-870F34DCE4BC}.Debug|Any CPU.ActiveCfg = Debug|Any CPU
		{8422E0D5-7FFD-4B80-8B5A-870F34DCE4BC}.Debug|Any CPU.Build.0 = Debug|Any CPU
		{8422E0D5-7FFD-4B80-8B5A-870F34DCE4BC}.Release|Any CPU.ActiveCfg = Release|Any CPU
		{8422E0D5-7FFD-4B80-8B5A-870F34DCE4BC}.Release|Any CPU.Build.0 = Release|Any CPU
		{8BF15C5D-FD49-4FB8-90BB-F959FBA01F1F}.Debug|Any CPU.ActiveCfg = Debug|Any CPU
		{8BF15C5D-FD49-4FB8-90BB-F959FBA01F1F}.Debug|Any CPU.Build.0 = Debug|Any CPU
		{8BF15C5D-FD49-4FB8-90BB-F959FBA01F1F}.Release|Any CPU.ActiveCfg = Release|Any CPU
		{8BF15C5D-FD49-4FB8-90BB-F959FBA01F1F}.Release|Any CPU.Build.0 = Release|Any CPU
		{B8A790B7-F4CE-44B9-9422-0C2D283DD0F3}.Debug|Any CPU.ActiveCfg = Debug|Any CPU
		{B8A790B7-F4CE-44B9-9422-0C2D283DD0F3}.Debug|Any CPU.Build.0 = Debug|Any CPU
		{B8A790B7-F4CE-44B9-9422-0C2D283DD0F3}.Release|Any CPU.ActiveCfg = Release|Any CPU
		{B8A790B7-F4CE-44B9-9422-0C2D283DD0F3}.Release|Any CPU.Build.0 = Release|Any CPU
	EndGlobalSection
	GlobalSection(SolutionProperties) = preSolution
		HideSolutionNode = FALSE
	EndGlobalSection
	GlobalSection(ExtensibilityGlobals) = postSolution
		SolutionGuid = {F13BAB60-7E09-4B37-B8AC-8AE924A61157}
	EndGlobalSection
EndGlobal
